
Microsoft Visual Studio Solution File, Format Version 12.00
# Visual Studio Version 16
VisualStudioVersion = 16.0.30717.126
MinimumVisualStudioVersion = 10.0.40219.1
Project("{9A19103F-16F7-4668-BE54-9A1E7A4F7556}") = "identityservertest", "identityservertest.csproj", "{1EBDB918-9478-4621-A61E-5D727B9BA3D3}"
EndProject
Global
	GlobalSection(SolutionConfigurationPlatforms) = preSolution
		Debug|Any CPU = Debug|Any CPU
		Release|Any CPU = Release|Any CPU
	EndGlobalSection
	GlobalSection(ProjectConfigurationPlatforms) = postSolution
		{1EBDB918-9478-4621-A61E-5D727B9BA3D3}.Debug|Any CPU.ActiveCfg = Debug|Any CPU
		{1EBDB918-9478-4621-A61E-5D727B9BA3D3}.Debug|Any CPU.Build.0 = Debug|Any CPU
		{1EBDB918-9478-4621-A61E-5D727B9BA3D3}.Release|Any CPU.ActiveCfg = Release|Any CPU
		{1EBDB918-9478-4621-A61E-5D727B9BA3D3}.Release|Any CPU.Build.0 = Release|Any CPU
	EndGlobalSection
	GlobalSection(SolutionProperties) = preSolution
		HideSolutionNode = FALSE
	EndGlobalSection
	GlobalSection(ExtensibilityGlobals) = postSolution
		SolutionGuid = {96FF612B-3EAC-436A-BC5F-CEB06AE700E6}
	EndGlobalSection
EndGlobal
